
Microsoft Visual Studio Solution File, Format Version 12.00
# Visual Studio Version 16
VisualStudioVersion = 16.0.810.17
MinimumVisualStudioVersion = 10.0.40219.1
Project("{FAE04EC0-301F-11D3-BF4B-00C04F79EFBC}") = "Lab0", "Lab0\Lab0.csproj", "{435AC043-A4D1-4F38-9931-225F51607FF1}"
EndProject
Project("{FAE04EC0-301F-11D3-BF4B-00C04F79EFBC}") = "UnitTests", "UnitTests\UnitTests.csproj", "{07C6D960-CA35-4D85-B8B0-056EC59B6ADE}"
EndProject
Project("{2150E333-8FDC-42A3-9474-1A3956D46DE8}") = "Solution Items", "Solution Items", "{EBF64ADF-3975-49D3-B01E-ECCD74D5C5EE}"
	ProjectSection(SolutionItems) = preProject
		README.md = README.md
		LICENSE = LICENSE
	EndProjectSection
EndProject
Global
	GlobalSection(SolutionConfigurationPlatforms) = preSolution
		Debug|Any CPU = Debug|Any CPU
		Release|Any CPU = Release|Any CPU
	EndGlobalSection
	GlobalSection(ProjectConfigurationPlatforms) = postSolution
		{435AC043-A4D1-4F38-9931-225F51607FF1}.Debug|Any CPU.ActiveCfg = Debug|Any CPU
		{435AC043-A4D1-4F38-9931-225F51607FF1}.Debug|Any CPU.Build.0 = Debug|Any CPU
		{435AC043-A4D1-4F38-9931-225F51607FF1}.Release|Any CPU.ActiveCfg = Release|Any CPU
		{435AC043-A4D1-4F38-9931-225F51607FF1}.Release|Any CPU.Build.0 = Release|Any CPU
		{07C6D960-CA35-4D85-B8B0-056EC59B6ADE}.Debug|Any CPU.ActiveCfg = Debug|Any CPU
		{07C6D960-CA35-4D85-B8B0-056EC59B6ADE}.Debug|Any CPU.Build.0 = Debug|Any CPU
		{07C6D960-CA35-4D85-B8B0-056EC59B6ADE}.Release|Any CPU.ActiveCfg = Release|Any CPU
		{07C6D960-CA35-4D85-B8B0-056EC59B6ADE}.Release|Any CPU.Build.0 = Release|Any CPU
	EndGlobalSection
	GlobalSection(SolutionProperties) = preSolution
		HideSolutionNode = FALSE
	EndGlobalSection
	GlobalSection(ExtensibilityGlobals) = postSolution
		SolutionGuid = {3C15BB14-6F66-45B0-8C66-98466BFAB51D}
	EndGlobalSection
EndGlobal
